{
  "name": "Tarea5",
  "lockfileVersion": 3,
  "requires": true,
  "packages": {
    "": {
      "dependencies": {
        "@ionic/angular": "^7.0.14"
      }
    },
    "node_modules/@angular/common": {
      "version": "16.1.1",
      "resolved": "https://registry.npmjs.org/@angular/common/-/common-16.1.1.tgz",
      "integrity": "sha512-qsMYqk7U7IcuE8swJ7Sppv0MkYBTfzrsq5jfAaAZYw035Po5FfxkFrh/Pmgp7QZndCsO9H+03JLH03jzuIqfrw==",
      "peer": true,
      "dependencies": {
        "tslib": "^2.3.0"
      },
      "engines": {
        "node": "^16.14.0 || >=18.10.0"
      },
      "peerDependencies": {
        "@angular/core": "16.1.1",
        "rxjs": "^6.5.3 || ^7.4.0"
      }
    },
    "node_modules/@angular/core": {
      "version": "16.1.1",
      "resolved": "https://registry.npmjs.org/@angular/core/-/core-16.1.1.tgz",
      "integrity": "sha512-hi0O2Gc0L4PavczQweC9cxVfdemXj76wfJ3GjtUP+f9I4uKLBQ6/JABExRIoW9eY0rK5fZgYP0IeCYisW4gxnQ==",
      "peer": true,
      "dependencies": {
        "tslib": "^2.3.0"
      },
      "engines": {
        "node": "^16.14.0 || >=18.10.0"
      },
      "peerDependencies": {
        "rxjs": "^6.5.3 || ^7.4.0",
        "zone.js": "~0.13.0"
      }
    },
    "node_modules/@angular/forms": {
      "version": "16.1.1",
      "resolved": "https://registry.npmjs.org/@angular/forms/-/forms-16.1.1.tgz",
      "integrity": "sha512-vRpcy68MkudST7eV+pYpHsF0cXEfeAG3xGn1ntdkhydhMFPo+SwuZjzOT0OSq10Wdoerb4KI5eOesDLaLjmeJA==",
      "peer": true,
      "dependencies": {
        "tslib": "^2.3.0"
      },
      "engines": {
        "node": "^16.14.0 || >=18.10.0"
      },
      "peerDependencies": {
        "@angular/common": "16.1.1",
        "@angular/core": "16.1.1",
        "@angular/platform-browser": "16.1.1",
        "rxjs": "^6.5.3 || ^7.4.0"
      }
    },
    "node_modules/@angular/platform-browser": {
      "version": "16.1.1",
      "resolved": "https://registry.npmjs.org/@angular/platform-browser/-/platform-browser-16.1.1.tgz",
      "integrity": "sha512-9zeB64wbAsoun7+rP6G8e1TY+1nC0sEaGdLzBv9ohOrFgkl8XgM+uNDiwkDLsBJkv10d2n6Tw14M9GaCL9AhVw==",
      "peer": true,
      "dependencies": {
        "tslib": "^2.3.0"
      },
      "engines": {
        "node": "^16.14.0 || >=18.10.0"
      },
      "peerDependencies": {
        "@angular/animations": "16.1.1",
        "@angular/common": "16.1.1",
        "@angular/core": "16.1.1"
      },
      "peerDependenciesMeta": {
        "@angular/animations": {
          "optional": true
        }
      }
    },
    "node_modules/@angular/router": {
      "version": "16.1.1",
      "resolved": "https://registry.npmjs.org/@angular/router/-/router-16.1.1.tgz",
      "integrity": "sha512-02sTolkyPM/gJ9uJQtZkWujoi1LhH8qsIi2bexSC6cpNTeFnGyr7iFd1lWg+xDtV4PLPgH94Ai/aJN0DNg2I8Q==",
      "peer": true,
      "dependencies": {
        "tslib": "^2.3.0"
      },
      "engines": {
        "node": "^16.14.0 || >=18.10.0"
      },
      "peerDependencies": {
        "@angular/common": "16.1.1",
        "@angular/core": "16.1.1",
        "@angular/platform-browser": "16.1.1",
        "rxjs": "^6.5.3 || ^7.4.0"
      }
    },
    "node_modules/@ionic/angular": {
      "version": "7.0.14",
      "resolved": "https://registry.npmjs.org/@ionic/angular/-/angular-7.0.14.tgz",
      "integrity": "sha512-pPNAXClrufDuK7l7+tRupyP/JELDxfApnQhAOUnNEmuMnG/T/Bi8AHvHBfq6hocjCFye6V0vq4Tr1QK+4IGTrw==",
      "dependencies": {
        "@ionic/core": "7.0.14",
        "ionicons": "^7.0.0",
        "jsonc-parser": "^3.0.0",
        "tslib": "^2.3.0"
      },
      "peerDependencies": {
        "@angular/core": ">=14.0.0",
        "@angular/forms": ">=14.0.0",
        "@angular/router": ">=14.0.0",
        "rxjs": ">=7.5.0",
        "zone.js": ">=0.11.0"
      }
    },
    "node_modules/@ionic/core": {
      "version": "7.0.14",
      "resolved": "https://registry.npmjs.org/@ionic/core/-/core-7.0.14.tgz",
      "integrity": "sha512-M0su64amw6HsZwsmWuHE4Wr2mChQdvBI7JKZXYCrF2Acn7GTD5cjMw6o1cYzwzf0PEap/RQ0y4paU9lO4Lu+lA==",
      "dependencies": {
        "@stencil/core": "^3.4.0",
        "ionicons": "^7.1.0",
        "tslib": "^2.1.0"
      }
    },
    "node_modules/@stencil/core": {
      "version": "3.4.0",
      "resolved": "https://registry.npmjs.org/@stencil/core/-/core-3.4.0.tgz",
      "integrity": "sha512-kEtPtV6QegME8YgMjWrhS7KktItbhqOpAuK9aXypDdI/7bLU9iM/4DtnQGWY/DARBophk+XRBfNXcE62Bmi0dw==",
      "bin": {
        "stencil": "bin/stencil"
      },
      "engines": {
        "node": ">=14.10.0",
        "npm": ">=6.0.0"
      }
    },
    "node_modules/ionicons": {
      "version": "7.1.2",
      "resolved": "https://registry.npmjs.org/ionicons/-/ionicons-7.1.2.tgz",
      "integrity": "sha512-zZ4njAqSP39H8RRvZhJvkHsv7cBjYE/VfInH218Osf2UVxJITSOutTTd25MW+tAXKN5fheYzclUXUsF55JHUDg==",
      "dependencies": {
        "@stencil/core": "^2.18.0"
      }
    },
    "node_modules/ionicons/node_modules/@stencil/core": {
      "version": "2.22.3",
      "resolved": "https://registry.npmjs.org/@stencil/core/-/core-2.22.3.tgz",
      "integrity": "sha512-kmVA0M/HojwsfkeHsifvHVIYe4l5tin7J5+DLgtl8h6WWfiMClND5K3ifCXXI2ETDNKiEk21p6jql3Fx9o2rng==",
      "bin": {
        "stencil": "bin/stencil"
      },
      "engines": {
        "node": ">=12.10.0",
        "npm": ">=6.0.0"
      }
    },
    "node_modules/jsonc-parser": {
      "version": "3.2.0",
      "resolved": "https://registry.npmjs.org/jsonc-parser/-/jsonc-parser-3.2.0.tgz",
      "integrity": "sha512-gfFQZrcTc8CnKXp6Y4/CBT3fTc0OVuDofpre4aEeEpSBPV5X5v4+Vmx+8snU7RLPrNHPKSgLxGo9YuQzz20o+w=="
    },
    "node_modules/rxjs": {
      "version": "7.8.1",
      "resolved": "https://registry.npmjs.org/rxjs/-/rxjs-7.8.1.tgz",
      "integrity": "sha512-AA3TVj+0A2iuIoQkWEK/tqFjBq2j+6PO6Y0zJcvzLAFhEFIO3HL0vls9hWLncZbAAbK0mar7oZ4V079I/qPMxg==",
      "peer": true,
      "dependencies": {
        "tslib": "^2.1.0"
      }
    },
    "node_modules/tslib": {
      "version": "2.5.3",
      "resolved": "https://registry.npmjs.org/tslib/-/tslib-2.5.3.tgz",
      "integrity": "sha512-mSxlJJwl3BMEQCUNnxXBU9jP4JBktcEGhURcPR6VQVlnP0FdDEsIaz0C35dXNGLyRfrATNofF0F5p2KPxQgB+w=="
    },
    "node_modules/zone.js": {
      "version": "0.13.1",
      "resolved": "https://registry.npmjs.org/zone.js/-/zone.js-0.13.1.tgz",
      "integrity": "sha512-+bIeDAFEBYuXRuU3qGQvzdPap+N1zjM4KkBAiiQuVVCrHrhjDuY6VkUhNa5+U27+9w0q3fbKiMCbpJ0XzMmSWA==",
      "peer": true,
      "dependencies": {
        "tslib": "^2.3.0"
      }
    }
  }
}
